// !$*UTF8*$!
{
	archiveVersion = 1;
	classes = {
	};
	objectVersion = 50;
	objects = {

/* Begin PBXBuildFile section */
		725A8C8F225C821E00FCDBF7 /* AppDelegate.m in Sources */ = {isa = PBXBuildFile; fileRef = 725A8C8E225C821E00FCDBF7 /* AppDelegate.m */; };
		725A8C95225C821E00FCDBF7 /* Main.storyboard in Resources */ = {isa = PBXBuildFile; fileRef = 725A8C93225C821E00FCDBF7 /* Main.storyboard */; };
		725A8C97225C821F00FCDBF7 /* Assets.xcassets in Resources */ = {isa = PBXBuildFile; fileRef = 725A8C96225C821F00FCDBF7 /* Assets.xcassets */; };
		725A8C9A225C821F00FCDBF7 /* LaunchScreen.storyboard in Resources */ = {isa = PBXBuildFile; fileRef = 725A8C98225C821F00FCDBF7 /* LaunchScreen.storyboard */; };
		725A8C9D225C821F00FCDBF7 /* main.m in Sources */ = {isa = PBXBuildFile; fileRef = 725A8C9C225C821F00FCDBF7 /* main.m */; };
		725A8CA7225C821F00FCDBF7 /* WFProjectTests.m in Sources */ = {isa = PBXBuildFile; fileRef = 725A8CA6225C821F00FCDBF7 /* WFProjectTests.m */; };
		725A8CB2225C822000FCDBF7 /* WFProjectUITests.m in Sources */ = {isa = PBXBuildFile; fileRef = 725A8CB1225C822000FCDBF7 /* WFProjectUITests.m */; };
		72ACEDD822641593007E1D94 /* WFCacheDataManager.m in Sources */ = {isa = PBXBuildFile; fileRef = 72ACEDD722641593007E1D94 /* WFCacheDataManager.m */; };
		72ACEDDA22641902007E1D94 /* libsqlite3.0.tbd in Frameworks */ = {isa = PBXBuildFile; fileRef = 72ACEDD922641902007E1D94 /* libsqlite3.0.tbd */; };
		72ACEDDD22643336007E1D94 /* WFCacheDateResultModel.m in Sources */ = {isa = PBXBuildFile; fileRef = 72ACEDDC22643336007E1D94 /* WFCacheDateResultModel.m */; };
		72DE7FBB2261B33C00C57C6D /* WFNetWorkingRequest.m in Sources */ = {isa = PBXBuildFile; fileRef = 72DE7FB22261B33C00C57C6D /* WFNetWorkingRequest.m */; };
		72DE7FBC2261B33C00C57C6D /* WFNetworkingRequestParam.m in Sources */ = {isa = PBXBuildFile; fileRef = 72DE7FB32261B33C00C57C6D /* WFNetworkingRequestParam.m */; };
		72DE7FBD2261B33C00C57C6D /* WFBaseViewModel.m in Sources */ = {isa = PBXBuildFile; fileRef = 72DE7FB72261B33C00C57C6D /* WFBaseViewModel.m */; };
		72DE7FBE2261B33C00C57C6D /* WFBaseModel.m in Sources */ = {isa = PBXBuildFile; fileRef = 72DE7FB92261B33C00C57C6D /* WFBaseModel.m */; };
		72DE7FCB2261B34B00C57C6D /* WFFirstViewModel.m in Sources */ = {isa = PBXBuildFile; fileRef = 72DE7FC22261B34B00C57C6D /* WFFirstViewModel.m */; };
		72DE7FCC2261B34B00C57C6D /* WFFirstModel.m in Sources */ = {isa = PBXBuildFile; fileRef = 72DE7FC52261B34B00C57C6D /* WFFirstModel.m */; };
		72DE7FCD2261B34B00C57C6D /* WFListModel.m in Sources */ = {isa = PBXBuildFile; fileRef = 72DE7FC62261B34B00C57C6D /* WFListModel.m */; };
		72DE7FCE2261B34B00C57C6D /* ViewController.m in Sources */ = {isa = PBXBuildFile; fileRef = 72DE7FC92261B34B00C57C6D /* ViewController.m */; };
		72DE7FD12261B3B300C57C6D /* WFTableViewCell.m in Sources */ = {isa = PBXBuildFile; fileRef = 72DE7FD02261B3B300C57C6D /* WFTableViewCell.m */; };
		F4EFC144F420593CF5D1CF90 /* libPods-WFProject.a in Frameworks */ = {isa = PBXBuildFile; fileRef = 96D01BF871E17D677FD6E4F1 /* libPods-WFProject.a */; };
/* End PBXBuildFile section */

/* Begin PBXContainerItemProxy section */
		725A8CA3225C821F00FCDBF7 /* PBXContainerItemProxy */ = {
			isa = PBXContainerItemProxy;
			containerPortal = 725A8C82225C821E00FCDBF7 /* Project object */;
			proxyType = 1;
			remoteGlobalIDString = 725A8C89225C821E00FCDBF7;
			remoteInfo = WFProject;
		};
		725A8CAE225C822000FCDBF7 /* PBXContainerItemProxy */ = {
			isa = PBXContainerItemProxy;
			containerPortal = 725A8C82225C821E00FCDBF7 /* Project object */;
			proxyType = 1;
			remoteGlobalIDString = 725A8C89225C821E00FCDBF7;
			remoteInfo = WFProject;
		};
/* End PBXContainerItemProxy section */

/* Begin PBXFileReference section */
		53AB07FA92C41285027F54A6 /* Pods-WFProject.debug.xcconfig */ = {isa = PBXFileReference; includeInIndex = 1; lastKnownFileType = text.xcconfig; name = "Pods-WFProject.debug.xcconfig"; path = "Pods/Target Support Files/Pods-WFProject/Pods-WFProject.debug.xcconfig"; sourceTree = "<group>"; };
		725A8C8A225C821E00FCDBF7 /* WFProject.app */ = {isa = PBXFileReference; explicitFileType = wrapper.application; includeInIndex = 0; path = WFProject.app; sourceTree = BUILT_PRODUCTS_DIR; };
		725A8C8D225C821E00FCDBF7 /* AppDelegate.h */ = {isa = PBXFileReference; lastKnownFileType = sourcecode.c.h; path = AppDelegate.h; sourceTree = "<group>"; };
		725A8C8E225C821E00FCDBF7 /* AppDelegate.m */ = {isa = PBXFileReference; lastKnownFileType = sourcecode.c.objc; path = AppDelegate.m; sourceTree = "<group>"; };
		725A8C94225C821E00FCDBF7 /* Base */ = {isa = PBXFileReference; lastKnownFileType = file.storyboard; name = Base; path = Base.lproj/Main.storyboard; sourceTree = "<group>"; };
		725A8C96225C821F00FCDBF7 /* Assets.xcassets */ = {isa = PBXFileReference; lastKnownFileType = folder.assetcatalog; path = Assets.xcassets; sourceTree = "<group>"; };
		725A8C99225C821F00FCDBF7 /* Base */ = {isa = PBXFileReference; lastKnownFileType = file.storyboard; name = Base; path = Base.lproj/LaunchScreen.storyboard; sourceTree = "<group>"; };
		725A8C9B225C821F00FCDBF7 /* Info.plist */ = {isa = PBXFileReference; lastKnownFileType = text.plist.xml; path = Info.plist; sourceTree = "<group>"; };
		725A8C9C225C821F00FCDBF7 /* main.m */ = {isa = PBXFileReference; lastKnownFileType = sourcecode.c.objc; path = main.m; sourceTree = "<group>"; };
		725A8CA2225C821F00FCDBF7 /* WFProjectTests.xctest */ = {isa = PBXFileReference; explicitFileType = wrapper.cfbundle; includeInIndex = 0; path = WFProjectTests.xctest; sourceTree = BUILT_PRODUCTS_DIR; };
		725A8CA6225C821F00FCDBF7 /* WFProjectTests.m */ = {isa = PBXFileReference; lastKnownFileType = sourcecode.c.objc; path = WFProjectTests.m; sourceTree = "<group>"; };
		725A8CA8225C822000FCDBF7 /* Info.plist */ = {isa = PBXFileReference; lastKnownFileType = text.plist.xml; path = Info.plist; sourceTree = "<group>"; };
		725A8CAD225C822000FCDBF7 /* WFProjectUITests.xctest */ = {isa = PBXFileReference; explicitFileType = wrapper.cfbundle; includeInIndex = 0; path = WFProjectUITests.xctest; sourceTree = BUILT_PRODUCTS_DIR; };
		725A8CB1225C822000FCDBF7 /* WFProjectUITests.m */ = {isa = PBXFileReference; lastKnownFileType = sourcecode.c.objc; path = WFProjectUITests.m; sourceTree = "<group>"; };
		725A8CB3225C822000FCDBF7 /* Info.plist */ = {isa = PBXFileReference; lastKnownFileType = text.plist.xml; path = Info.plist; sourceTree = "<group>"; };
		72ACEDD622641593007E1D94 /* WFCacheDataManager.h */ = {isa = PBXFileReference; lastKnownFileType = sourcecode.c.h; path = WFCacheDataManager.h; sourceTree = "<group>"; };
		72ACEDD722641593007E1D94 /* WFCacheDataManager.m */ = {isa = PBXFileReference; lastKnownFileType = sourcecode.c.objc; path = WFCacheDataManager.m; sourceTree = "<group>"; };
		72ACEDD922641902007E1D94 /* libsqlite3.0.tbd */ = {isa = PBXFileReference; lastKnownFileType = "sourcecode.text-based-dylib-definition"; name = libsqlite3.0.tbd; path = usr/lib/libsqlite3.0.tbd; sourceTree = SDKROOT; };
		72ACEDDB22643336007E1D94 /* WFCacheDateResultModel.h */ = {isa = PBXFileReference; lastKnownFileType = sourcecode.c.h; path = WFCacheDateResultModel.h; sourceTree = "<group>"; };
		72ACEDDC22643336007E1D94 /* WFCacheDateResultModel.m */ = {isa = PBXFileReference; lastKnownFileType = sourcecode.c.objc; path = WFCacheDateResultModel.m; sourceTree = "<group>"; };
		72DE7FB12261B33C00C57C6D /* WFNetworkingRequestParam.h */ = {isa = PBXFileReference; fileEncoding = 4; lastKnownFileType = sourcecode.c.h; path = WFNetworkingRequestParam.h; sourceTree = "<group>"; };
		72DE7FB22261B33C00C57C6D /* WFNetWorkingRequest.m */ = {isa = PBXFileReference; fileEncoding = 4; lastKnownFileType = sourcecode.c.objc; path = WFNetWorkingRequest.m; sourceTree = "<group>"; };
		72DE7FB32261B33C00C57C6D /* WFNetworkingRequestParam.m */ = {isa = PBXFileReference; fileEncoding = 4; lastKnownFileType = sourcecode.c.objc; path = WFNetworkingRequestParam.m; sourceTree = "<group>"; };
		72DE7FB42261B33C00C57C6D /* WFNetWorkingRequest.h */ = {isa = PBXFileReference; fileEncoding = 4; lastKnownFileType = sourcecode.c.h; path = WFNetWorkingRequest.h; sourceTree = "<group>"; };
		72DE7FB62261B33C00C57C6D /* WFBaseViewModel.h */ = {isa = PBXFileReference; fileEncoding = 4; lastKnownFileType = sourcecode.c.h; path = WFBaseViewModel.h; sourceTree = "<group>"; };
		72DE7FB72261B33C00C57C6D /* WFBaseViewModel.m */ = {isa = PBXFileReference; fileEncoding = 4; lastKnownFileType = sourcecode.c.objc; path = WFBaseViewModel.m; sourceTree = "<group>"; };
		72DE7FB92261B33C00C57C6D /* WFBaseModel.m */ = {isa = PBXFileReference; fileEncoding = 4; lastKnownFileType = sourcecode.c.objc; path = WFBaseModel.m; sourceTree = "<group>"; };
		72DE7FBA2261B33C00C57C6D /* WFBaseModel.h */ = {isa = PBXFileReference; fileEncoding = 4; lastKnownFileType = sourcecode.c.h; path = WFBaseModel.h; sourceTree = "<group>"; };
		72DE7FC12261B34B00C57C6D /* WFFirstViewModel.h */ = {isa = PBXFileReference; fileEncoding = 4; lastKnownFileType = sourcecode.c.h; path = WFFirstViewModel.h; sourceTree = "<group>"; };
		72DE7FC22261B34B00C57C6D /* WFFirstViewModel.m */ = {isa = PBXFileReference; fileEncoding = 4; lastKnownFileType = sourcecode.c.objc; path = WFFirstViewModel.m; sourceTree = "<group>"; };
		72DE7FC42261B34B00C57C6D /* WFListModel.h */ = {isa = PBXFileReference; fileEncoding = 4; lastKnownFileType = sourcecode.c.h; path = WFListModel.h; sourceTree = "<group>"; };
		72DE7FC52261B34B00C57C6D /* WFFirstModel.m */ = {isa = PBXFileReference; fileEncoding = 4; lastKnownFileType = sourcecode.c.objc; path = WFFirstModel.m; sourceTree = "<group>"; };
		72DE7FC62261B34B00C57C6D /* WFListModel.m */ = {isa = PBXFileReference; fileEncoding = 4; lastKnownFileType = sourcecode.c.objc; path = WFListModel.m; sourceTree = "<group>"; };
		72DE7FC72261B34B00C57C6D /* WFFirstModel.h */ = {isa = PBXFileReference; fileEncoding = 4; lastKnownFileType = sourcecode.c.h; path = WFFirstModel.h; sourceTree = "<group>"; };
		72DE7FC92261B34B00C57C6D /* ViewController.m */ = {isa = PBXFileReference; fileEncoding = 4; lastKnownFileType = sourcecode.c.objc; path = ViewController.m; sourceTree = "<group>"; };
		72DE7FCA2261B34B00C57C6D /* ViewController.h */ = {isa = PBXFileReference; fileEncoding = 4; lastKnownFileType = sourcecode.c.h; path = ViewController.h; sourceTree = "<group>"; };
		72DE7FCF2261B3B300C57C6D /* WFTableViewCell.h */ = {isa = PBXFileReference; lastKnownFileType = sourcecode.c.h; path = WFTableViewCell.h; sourceTree = "<group>"; };
		72DE7FD02261B3B300C57C6D /* WFTableViewCell.m */ = {isa = PBXFileReference; lastKnownFileType = sourcecode.c.objc; path = WFTableViewCell.m; sourceTree = "<group>"; };
		96D01BF871E17D677FD6E4F1 /* libPods-WFProject.a */ = {isa = PBXFileReference; explicitFileType = archive.ar; includeInIndex = 0; path = "libPods-WFProject.a"; sourceTree = BUILT_PRODUCTS_DIR; };
		A00DE4C9115F8C9611927D21 /* Pods-WFProject.release.xcconfig */ = {isa = PBXFileReference; includeInIndex = 1; lastKnownFileType = text.xcconfig; name = "Pods-WFProject.release.xcconfig"; path = "Pods/Target Support Files/Pods-WFProject/Pods-WFProject.release.xcconfig"; sourceTree = "<group>"; };
/* End PBXFileReference section */

/* Begin PBXFrameworksBuildPhase section */
		725A8C87225C821E00FCDBF7 /* Frameworks */ = {
			isa = PBXFrameworksBuildPhase;
			buildActionMask = 2147483647;
			files = (
				72ACEDDA22641902007E1D94 /* libsqlite3.0.tbd in Frameworks */,
				F4EFC144F420593CF5D1CF90 /* libPods-WFProject.a in Frameworks */,
			);
			runOnlyForDeploymentPostprocessing = 0;
		};
		725A8C9F225C821F00FCDBF7 /* Frameworks */ = {
			isa = PBXFrameworksBuildPhase;
			buildActionMask = 2147483647;
			files = (
			);
			runOnlyForDeploymentPostprocessing = 0;
		};
		725A8CAA225C822000FCDBF7 /* Frameworks */ = {
			isa = PBXFrameworksBuildPhase;
			buildActionMask = 2147483647;
			files = (
			);
			runOnlyForDeploymentPostprocessing = 0;
		};
/* End PBXFrameworksBuildPhase section */

/* Begin PBXGroup section */
		3AE09E8A1EE8486020C5BAA8 /* Frameworks */ = {
			isa = PBXGroup;
			children = (
				72ACEDD922641902007E1D94 /* libsqlite3.0.tbd */,
				96D01BF871E17D677FD6E4F1 /* libPods-WFProject.a */,
			);
			name = Frameworks;
			sourceTree = "<group>";
		};
		725A8C81225C821E00FCDBF7 = {
			isa = PBXGroup;
			children = (
				725A8C8C225C821E00FCDBF7 /* WFProject */,
				725A8CA5225C821F00FCDBF7 /* WFProjectTests */,
				725A8CB0225C822000FCDBF7 /* WFProjectUITests */,
				725A8C8B225C821E00FCDBF7 /* Products */,
				EE7DE15834E84BF2CA4C351C /* Pods */,
				3AE09E8A1EE8486020C5BAA8 /* Frameworks */,
			);
			sourceTree = "<group>";
		};
		725A8C8B225C821E00FCDBF7 /* Products */ = {
			isa = PBXGroup;
			children = (
				725A8C8A225C821E00FCDBF7 /* WFProject.app */,
				725A8CA2225C821F00FCDBF7 /* WFProjectTests.xctest */,
				725A8CAD225C822000FCDBF7 /* WFProjectUITests.xctest */,
			);
			name = Products;
			sourceTree = "<group>";
		};
		725A8C8C225C821E00FCDBF7 /* WFProject */ = {
			isa = PBXGroup;
			children = (
				72DE7FBF2261B34B00C57C6D /* Main */,
				72DE7FAF2261B33C00C57C6D /* WFTool */,
				725A8C8D225C821E00FCDBF7 /* AppDelegate.h */,
				725A8C8E225C821E00FCDBF7 /* AppDelegate.m */,
				725A8C93225C821E00FCDBF7 /* Main.storyboard */,
				725A8C96225C821F00FCDBF7 /* Assets.xcassets */,
				725A8C98225C821F00FCDBF7 /* LaunchScreen.storyboard */,
				725A8C9B225C821F00FCDBF7 /* Info.plist */,
				725A8C9C225C821F00FCDBF7 /* main.m */,
			);
			path = WFProject;
			sourceTree = "<group>";
		};
		725A8CA5225C821F00FCDBF7 /* WFProjectTests */ = {
			isa = PBXGroup;
			children = (
				725A8CA6225C821F00FCDBF7 /* WFProjectTests.m */,
				725A8CA8225C822000FCDBF7 /* Info.plist */,
			);
			path = WFProjectTests;
			sourceTree = "<group>";
		};
		725A8CB0225C822000FCDBF7 /* WFProjectUITests */ = {
			isa = PBXGroup;
			children = (
				725A8CB1225C822000FCDBF7 /* WFProjectUITests.m */,
				725A8CB3225C822000FCDBF7 /* Info.plist */,
			);
			path = WFProjectUITests;
			sourceTree = "<group>";
		};
		72ACEDD52264156D007E1D94 /* CacheData */ = {
			isa = PBXGroup;
			children = (
				72ACEDD622641593007E1D94 /* WFCacheDataManager.h */,
				72ACEDD722641593007E1D94 /* WFCacheDataManager.m */,
				72ACEDDB22643336007E1D94 /* WFCacheDateResultModel.h */,
				72ACEDDC22643336007E1D94 /* WFCacheDateResultModel.m */,
			);
			path = CacheData;
			sourceTree = "<group>";
		};
		72DE7FAF2261B33C00C57C6D /* WFTool */ = {
			isa = PBXGroup;
			children = (
				72ACEDD52264156D007E1D94 /* CacheData */,
				72DE7FB02261B33C00C57C6D /* NetWorking */,
				72DE7FB52261B33C00C57C6D /* BaseViewModel */,
				72DE7FB82261B33C00C57C6D /* BaseModel */,
			);
			path = WFTool;
			sourceTree = "<group>";
		};
		72DE7FB02261B33C00C57C6D /* NetWorking */ = {
			isa = PBXGroup;
			children = (
				72DE7FB12261B33C00C57C6D /* WFNetworkingRequestParam.h */,
				72DE7FB22261B33C00C57C6D /* WFNetWorkingRequest.m */,
				72DE7FB32261B33C00C57C6D /* WFNetworkingRequestParam.m */,
				72DE7FB42261B33C00C57C6D /* WFNetWorkingRequest.h */,
			);
			path = NetWorking;
			sourceTree = "<group>";
		};
		72DE7FB52261B33C00C57C6D /* BaseViewModel */ = {
			isa = PBXGroup;
			children = (
				72DE7FB62261B33C00C57C6D /* WFBaseViewModel.h */,
				72DE7FB72261B33C00C57C6D /* WFBaseViewModel.m */,
			);
			path = BaseViewModel;
			sourceTree = "<group>";
		};
		72DE7FB82261B33C00C57C6D /* BaseModel */ = {
			isa = PBXGroup;
			children = (
				72DE7FB92261B33C00C57C6D /* WFBaseModel.m */,
				72DE7FBA2261B33C00C57C6D /* WFBaseModel.h */,
			);
			path = BaseModel;
			sourceTree = "<group>";
		};
		72DE7FBF2261B34B00C57C6D /* Main */ = {
			isa = PBXGroup;
			children = (
				72DE7FC02261B34B00C57C6D /* ViewModel */,
				72DE7FC32261B34B00C57C6D /* Model */,
				72DE7FC82261B34B00C57C6D /* View */,
			);
			path = Main;
			sourceTree = "<group>";
		};
		72DE7FC02261B34B00C57C6D /* ViewModel */ = {
			isa = PBXGroup;
			children = (
				72DE7FC12261B34B00C57C6D /* WFFirstViewModel.h */,
				72DE7FC22261B34B00C57C6D /* WFFirstViewModel.m */,
			);
			path = ViewModel;
			sourceTree = "<group>";
		};
		72DE7FC32261B34B00C57C6D /* Model */ = {
			isa = PBXGroup;
			children = (
				72DE7FC42261B34B00C57C6D /* WFListModel.h */,
				72DE7FC52261B34B00C57C6D /* WFFirstModel.m */,
				72DE7FC62261B34B00C57C6D /* WFListModel.m */,
				72DE7FC72261B34B00C57C6D /* WFFirstModel.h */,
			);
			path = Model;
			sourceTree = "<group>";
		};
		72DE7FC82261B34B00C57C6D /* View */ = {
			isa = PBXGroup;
			children = (
				72DE7FC92261B34B00C57C6D /* ViewController.m */,
				72DE7FCA2261B34B00C57C6D /* ViewController.h */,
				72DE7FCF2261B3B300C57C6D /* WFTableViewCell.h */,
				72DE7FD02261B3B300C57C6D /* WFTableViewCell.m */,
			);
			path = View;
			sourceTree = "<group>";
		};
		EE7DE15834E84BF2CA4C351C /* Pods */ = {
			isa = PBXGroup;
			children = (
				53AB07FA92C41285027F54A6 /* Pods-WFProject.debug.xcconfig */,
				A00DE4C9115F8C9611927D21 /* Pods-WFProject.release.xcconfig */,
			);
			name = Pods;
			sourceTree = "<group>";
		};
/* End PBXGroup section */

/* Begin PBXNativeTarget section */
		725A8C89225C821E00FCDBF7 /* WFProject */ = {
			isa = PBXNativeTarget;
			buildConfigurationList = 725A8CB6225C822000FCDBF7 /* Build configuration list for PBXNativeTarget "WFProject" */;
			buildPhases = (
				1A13AFA12609A672F4AC1956 /* [CP] Check Pods Manifest.lock */,
				725A8C86225C821E00FCDBF7 /* Sources */,
				725A8C87225C821E00FCDBF7 /* Frameworks */,
				725A8C88225C821E00FCDBF7 /* Resources */,
				85F48EF6963C271F236CD6A4 /* [CP] Copy Pods Resources */,
			);
			buildRules = (
			);
			dependencies = (
			);
			name = WFProject;
			productName = WFProject;
			productReference = 725A8C8A225C821E00FCDBF7 /* WFProject.app */;
			productType = "com.apple.product-type.application";
		};
		725A8CA1225C821F00FCDBF7 /* WFProjectTests */ = {
			isa = PBXNativeTarget;
			buildConfigurationList = 725A8CB9225C822000FCDBF7 /* Build configuration list for PBXNativeTarget "WFProjectTests" */;
			buildPhases = (
				725A8C9E225C821F00FCDBF7 /* Sources */,
				725A8C9F225C821F00FCDBF7 /* Frameworks */,
				725A8CA0225C821F00FCDBF7 /* Resources */,
			);
			buildRules = (
			);
			dependencies = (
				725A8CA4225C821F00FCDBF7 /* PBXTargetDependency */,
			);
			name = WFProjectTests;
			productName = WFProjectTests;
			productReference = 725A8CA2225C821F00FCDBF7 /* WFProjectTests.xctest */;
			productType = "com.apple.product-type.bundle.unit-test";
		};
		725A8CAC225C822000FCDBF7 /* WFProjectUITests */ = {
			isa = PBXNativeTarget;
			buildConfigurationList = 725A8CBC225C822000FCDBF7 /* Build configuration list for PBXNativeTarget "WFProjectUITests" */;
			buildPhases = (
				725A8CA9225C822000FCDBF7 /* Sources */,
				725A8CAA225C822000FCDBF7 /* Frameworks */,
				725A8CAB225C822000FCDBF7 /* Resources */,
			);
			buildRules = (
			);
			dependencies = (
				725A8CAF225C822000FCDBF7 /* PBXTargetDependency */,
			);
			name = WFProjectUITests;
			productName = WFProjectUITests;
			productReference = 725A8CAD225C822000FCDBF7 /* WFProjectUITests.xctest */;
			productType = "com.apple.product-type.bundle.ui-testing";
		};
/* End PBXNativeTarget section */

/* Begin PBXProject section */
		725A8C82225C821E00FCDBF7 /* Project object */ = {
			isa = PBXProject;
			attributes = {
				LastUpgradeCheck = 1020;
				ORGANIZATIONNAME = efun;
				TargetAttributes = {
					725A8C89225C821E00FCDBF7 = {
						CreatedOnToolsVersion = 10.2;
					};
					725A8CA1225C821F00FCDBF7 = {
						CreatedOnToolsVersion = 10.2;
						TestTargetID = 725A8C89225C821E00FCDBF7;
					};
					725A8CAC225C822000FCDBF7 = {
						CreatedOnToolsVersion = 10.2;
						TestTargetID = 725A8C89225C821E00FCDBF7;
					};
				};
			};
			buildConfigurationList = 725A8C85225C821E00FCDBF7 /* Build configuration list for PBXProject "WFProject" */;
			compatibilityVersion = "Xcode 9.3";
			developmentRegion = en;
			hasScannedForEncodings = 0;
			knownRegions = (
				en,
				Base,
			);
			mainGroup = 725A8C81225C821E00FCDBF7;
			productRefGroup = 725A8C8B225C821E00FCDBF7 /* Products */;
			projectDirPath = "";
			projectRoot = "";
			targets = (
				725A8C89225C821E00FCDBF7 /* WFProject */,
				725A8CA1225C821F00FCDBF7 /* WFProjectTests */,
				725A8CAC225C822000FCDBF7 /* WFProjectUITests */,
			);
		};
/* End PBXProject section */

/* Begin PBXResourcesBuildPhase section */
		725A8C88225C821E00FCDBF7 /* Resources */ = {
			isa = PBXResourcesBuildPhase;
			buildActionMask = 2147483647;
			files = (
				725A8C9A225C821F00FCDBF7 /* LaunchScreen.storyboard in Resources */,
				725A8C97225C821F00FCDBF7 /* Assets.xcassets in Resources */,
				725A8C95225C821E00FCDBF7 /* Main.storyboard in Resources */,
			);
			runOnlyForDeploymentPostprocessing = 0;
		};
		725A8CA0225C821F00FCDBF7 /* Resources */ = {
			isa = PBXResourcesBuildPhase;
			buildActionMask = 2147483647;
			files = (
			);
			runOnlyForDeploymentPostprocessing = 0;
		};
		725A8CAB225C822000FCDBF7 /* Resources */ = {
			isa = PBXResourcesBuildPhase;
			buildActionMask = 2147483647;
			files = (
			);
			runOnlyForDeploymentPostprocessing = 0;
		};
/* End PBXResourcesBuildPhase section */

/* Begin PBXShellScriptBuildPhase section */
		1A13AFA12609A672F4AC1956 /* [CP] Check Pods Manifest.lock */ = {
			isa = PBXShellScriptBuildPhase;
			buildActionMask = 2147483647;
			files = (
			);
			inputFileListPaths = (
			);
			inputPaths = (
				"${PODS_PODFILE_DIR_PATH}/Podfile.lock",
				"${PODS_ROOT}/Manifest.lock",
			);
			name = "[CP] Check Pods Manifest.lock";
			outputFileListPaths = (
			);
			outputPaths = (
				"$(DERIVED_FILE_DIR)/Pods-WFProject-checkManifestLockResult.txt",
			);
			runOnlyForDeploymentPostprocessing = 0;
			shellPath = /bin/sh;
			shellScript = "diff \"${PODS_PODFILE_DIR_PATH}/Podfile.lock\" \"${PODS_ROOT}/Manifest.lock\" > /dev/null\nif [ $? != 0 ] ; then\n    # print error to STDERR\n    echo \"error: The sandbox is not in sync with the Podfile.lock. Run 'pod install' or update your CocoaPods installation.\" >&2\n    exit 1\nfi\n# This output is used by Xcode 'outputs' to avoid re-running this script phase.\necho \"SUCCESS\" > \"${SCRIPT_OUTPUT_FILE_0}\"\n";
			showEnvVarsInLog = 0;
		};
		85F48EF6963C271F236CD6A4 /* [CP] Copy Pods Resources */ = {
			isa = PBXShellScriptBuildPhase;
			buildActionMask = 2147483647;
			files = (
			);
			inputFileListPaths = (
			);
			inputPaths = (
				"${SRCROOT}/Pods/Target Support Files/Pods-WFProject/Pods-WFProject-resources.sh",
				"${PODS_ROOT}/IQKeyboardManager/IQKeyboardManager/Resources/IQKeyboardManager.bundle",
			);
			name = "[CP] Copy Pods Resources";
			outputFileListPaths = (
			);
			outputPaths = (
				"${TARGET_BUILD_DIR}/${UNLOCALIZED_RESOURCES_FOLDER_PATH}/IQKeyboardManager.bundle",
			);
			runOnlyForDeploymentPostprocessing = 0;
			shellPath = /bin/sh;
			shellScript = "\"${SRCROOT}/Pods/Target Support Files/Pods-WFProject/Pods-WFProject-resources.sh\"\n";
			showEnvVarsInLog = 0;
		};
/* End PBXShellScriptBuildPhase section */

/* Begin PBXSourcesBuildPhase section */
		725A8C86225C821E00FCDBF7 /* Sources */ = {
			isa = PBXSourcesBuildPhase;
			buildActionMask = 2147483647;
			files = (
				72DE7FBC2261B33C00C57C6D /* WFNetworkingRequestParam.m in Sources */,
				725A8C9D225C821F00FCDBF7 /* main.m in Sources */,
				72DE7FCB2261B34B00C57C6D /* WFFirstViewModel.m in Sources */,
				725A8C8F225C821E00FCDBF7 /* AppDelegate.m in Sources */,
				72DE7FCE2261B34B00C57C6D /* ViewController.m in Sources */,
				72ACEDD822641593007E1D94 /* WFCacheDataManager.m in Sources */,
				72DE7FBD2261B33C00C57C6D /* WFBaseViewModel.m in Sources */,
				72DE7FBB2261B33C00C57C6D /* WFNetWorkingRequest.m in Sources */,
				72DE7FBE2261B33C00C57C6D /* WFBaseModel.m in Sources */,
				72DE7FD12261B3B300C57C6D /* WFTableViewCell.m in Sources */,
				72ACEDDD22643336007E1D94 /* WFCacheDateResultModel.m in Sources */,
				72DE7FCD2261B34B00C57C6D /* WFListModel.m in Sources */,
				72DE7FCC2261B34B00C57C6D /* WFFirstModel.m in Sources */,
			);
			runOnlyForDeploymentPostprocessing = 0;
		};
		725A8C9E225C821F00FCDBF7 /* Sources */ = {
			isa = PBXSourcesBuildPhase;
			buildActionMask = 2147483647;
			files = (
				725A8CA7225C821F00FCDBF7 /* WFProjectTests.m in Sources */,
			);
			runOnlyForDeploymentPostprocessing = 0;
		};
		725A8CA9225C822000FCDBF7 /* Sources */ = {
			isa = PBXSourcesBuildPhase;
			buildActionMask = 2147483647;
			files = (
				725A8CB2225C822000FCDBF7 /* WFProjectUITests.m in Sources */,
			);
			runOnlyForDeploymentPostprocessing = 0;
		};
/* End PBXSourcesBuildPhase section */

/* Begin PBXTargetDependency section */
		725A8CA4225C821F00FCDBF7 /* PBXTargetDependency */ = {
			isa = PBXTargetDependency;
			target = 725A8C89225C821E00FCDBF7 /* WFProject */;
			targetProxy = 725A8CA3225C821F00FCDBF7 /* PBXContainerItemProxy */;
		};
		725A8CAF225C822000FCDBF7 /* PBXTargetDependency */ = {
			isa = PBXTargetDependency;
			target = 725A8C89225C821E00FCDBF7 /* WFProject */;
			targetProxy = 725A8CAE225C822000FCDBF7 /* PBXContainerItemProxy */;
		};
/* End PBXTargetDependency section */

/* Begin PBXVariantGroup section */
		725A8C93225C821E00FCDBF7 /* Main.storyboard */ = {
			isa = PBXVariantGroup;
			children = (
				725A8C94225C821E00FCDBF7 /* Base */,
			);
			name = Main.storyboard;
			sourceTree = "<group>";
		};
		725A8C98225C821F00FCDBF7 /* LaunchScreen.storyboard */ = {
			isa = PBXVariantGroup;
			children = (
				725A8C99225C821F00FCDBF7 /* Base */,
			);
			name = LaunchScreen.storyboard;
			sourceTree = "<group>";
		};
/* End PBXVariantGroup section */

/* Begin XCBuildConfiguration section */
		725A8CB4225C822000FCDBF7 /* Debug */ = {
			isa = XCBuildConfiguration;
			buildSettings = {
				ALWAYS_SEARCH_USER_PATHS = NO;
				CLANG_ANALYZER_NONNULL = YES;
				CLANG_ANALYZER_NUMBER_OBJECT_CONVERSION = YES_AGGRESSIVE;
				CLANG_CXX_LANGUAGE_STANDARD = "gnu++14";
				CLANG_CXX_LIBRARY = "libc++";
				CLANG_ENABLE_MODULES = YES;
				CLANG_ENABLE_OBJC_ARC = YES;
				CLANG_ENABLE_OBJC_WEAK = YES;
				CLANG_WARN_BLOCK_CAPTURE_AUTORELEASING = YES;
				CLANG_WARN_BOOL_CONVERSION = YES;
				CLANG_WARN_COMMA = YES;
				CLANG_WARN_CONSTANT_CONVERSION = YES;
				CLANG_WARN_DEPRECATED_OBJC_IMPLEMENTATIONS = YES;
				CLANG_WARN_DIRECT_OBJC_ISA_USAGE = YES_ERROR;
				CLANG_WARN_DOCUMENTATION_COMMENTS = YES;
				CLANG_WARN_EMPTY_BODY = YES;
				CLANG_WARN_ENUM_CONVERSION = YES;
				CLANG_WARN_INFINITE_RECURSION = YES;
				CLANG_WARN_INT_CONVERSION = YES;
				CLANG_WARN_NON_LITERAL_NULL_CONVERSION = YES;
				CLANG_WARN_OBJC_IMPLICIT_RETAIN_SELF = YES;
				CLANG_WARN_OBJC_LITERAL_CONVERSION = YES;
				CLANG_WARN_OBJC_ROOT_CLASS = YES_ERROR;
				CLANG_WARN_RANGE_LOOP_ANALYSIS = YES;
				CLANG_WARN_STRICT_PROTOTYPES = YES;
				CLANG_WARN_SUSPICIOUS_MOVE = YES;
				CLANG_WARN_UNGUARDED_AVAILABILITY = YES_AGGRESSIVE;
				CLANG_WARN_UNREACHABLE_CODE = YES;
				CLANG_WARN__DUPLICATE_METHOD_MATCH = YES;
				CODE_SIGN_IDENTITY = "iPhone Developer";
				COPY_PHASE_STRIP = NO;
				DEBUG_INFORMATION_FORMAT = dwarf;
				ENABLE_STRICT_OBJC_MSGSEND = YES;
				ENABLE_TESTABILITY = YES;
				GCC_C_LANGUAGE_STANDARD = gnu11;
				GCC_DYNAMIC_NO_PIC = NO;
				GCC_NO_COMMON_BLOCKS = YES;
				GCC_OPTIMIZATION_LEVEL = 0;
				GCC_PREPROCESSOR_DEFINITIONS = (
					"DEBUG=1",
					"$(inherited)",
				);
				GCC_WARN_64_TO_32_BIT_CONVERSION = YES;
				GCC_WARN_ABOUT_RETURN_TYPE = YES_ERROR;
				GCC_WARN_UNDECLARED_SELECTOR = YES;
				GCC_WARN_UNINITIALIZED_AUTOS = YES_AGGRESSIVE;
				GCC_WARN_UNUSED_FUNCTION = YES;
				GCC_WARN_UNUSED_VARIABLE = YES;
				IPHONEOS_DEPLOYMENT_TARGET = 12.2;
				MTL_ENABLE_DEBUG_INFO = INCLUDE_SOURCE;
				MTL_FAST_MATH = YES;
				ONLY_ACTIVE_ARCH = YES;
				SDKROOT = iphoneos;
			};
			name = Debug;
		};
		725A8CB5225C822000FCDBF7 /* Release */ = {
			isa = XCBuildConfiguration;
			buildSettings = {
				ALWAYS_SEARCH_USER_PATHS = NO;
				CLANG_ANALYZER_NONNULL = YES;
				CLANG_ANALYZER_NUMBER_OBJECT_CONVERSION = YES_AGGRESSIVE;
				CLANG_CXX_LANGUAGE_STANDARD = "gnu++14";
				CLANG_CXX_LIBRARY = "libc++";
				CLANG_ENABLE_MODULES = YES;
				CLANG_ENABLE_OBJC_ARC = YES;
				CLANG_ENABLE_OBJC_WEAK = YES;
				CLANG_WARN_BLOCK_CAPTURE_AUTORELEASING = YES;
				CLANG_WARN_BOOL_CONVERSION = YES;
				CLANG_WARN_COMMA = YES;
				CLANG_WARN_CONSTANT_CONVERSION = YES;
				CLANG_WARN_DEPRECATED_OBJC_IMPLEMENTATIONS = YES;
				CLANG_WARN_DIRECT_OBJC_ISA_USAGE = YES_ERROR;
				CLANG_WARN_DOCUMENTATION_COMMENTS = YES;
				CLANG_WARN_EMPTY_BODY = YES;
				CLANG_WARN_ENUM_CONVERSION = YES;
				CLANG_WARN_INFINITE_RECURSION = YES;
				CLANG_WARN_INT_CONVERSION = YES;
				CLANG_WARN_NON_LITERAL_NULL_CONVERSION = YES;
				CLANG_WARN_OBJC_IMPLICIT_RETAIN_SELF = YES;
				CLANG_WARN_OBJC_LITERAL_CONVERSION = YES;
				CLANG_WARN_OBJC_ROOT_CLASS = YES_ERROR;
				CLANG_WARN_RANGE_LOOP_ANALYSIS = YES;
				CLANG_WARN_STRICT_PROTOTYPES = YES;
				CLANG_WARN_SUSPICIOUS_MOVE = YES;
				CLANG_WARN_UNGUARDED_AVAILABILITY = YES_AGGRESSIVE;
				CLANG_WARN_UNREACHABLE_CODE = YES;
				CLANG_WARN__DUPLICATE_METHOD_MATCH = YES;
				CODE_SIGN_IDENTITY = "iPhone Developer";
				COPY_PHASE_STRIP = NO;
				DEBUG_INFORMATION_FORMAT = "dwarf-with-dsym";
				ENABLE_NS_ASSERTIONS = NO;
				ENABLE_STRICT_OBJC_MSGSEND = YES;
				GCC_C_LANGUAGE_STANDARD = gnu11;
				GCC_NO_COMMON_BLOCKS = YES;
				GCC_WARN_64_TO_32_BIT_CONVERSION = YES;
				GCC_WARN_ABOUT_RETURN_TYPE = YES_ERROR;
				GCC_WARN_UNDECLARED_SELECTOR = YES;
				GCC_WARN_UNINITIALIZED_AUTOS = YES_AGGRESSIVE;
				GCC_WARN_UNUSED_FUNCTION = YES;
				GCC_WARN_UNUSED_VARIABLE = YES;
				IPHONEOS_DEPLOYMENT_TARGET = 12.2;
				MTL_ENABLE_DEBUG_INFO = NO;
				MTL_FAST_MATH = YES;
				SDKROOT = iphoneos;
				VALIDATE_PRODUCT = YES;
			};
			name = Release;
		};
		725A8CB7225C822000FCDBF7 /* Debug */ = {
			isa = XCBuildConfiguration;
			baseConfigurationReference = 53AB07FA92C41285027F54A6 /* Pods-WFProject.debug.xcconfig */;
			buildSettings = {
				ASSETCATALOG_COMPILER_APPICON_NAME = AppIcon;
				CODE_SIGN_STYLE = Automatic;
				DEVELOPMENT_TEAM = JF549H673D;
				INFOPLIST_FILE = WFProject/Info.plist;
				LD_RUNPATH_SEARCH_PATHS = (
					"$(inherited)",
					"@executable_path/Frameworks",
				);
				PRODUCT_BUNDLE_IDENTIFIER = efun.WFProject;
				PRODUCT_NAME = "$(TARGET_NAME)";
				TARGETED_DEVICE_FAMILY = "1,2";
			};
			name = Debug;
		};
		725A8CB8225C822000FCDBF7 /* Release */ = {
			isa = XCBuildConfiguration;
			baseConfigurationReference = A00DE4C9115F8C9611927D21 /* Pods-WFProject.release.xcconfig */;
			buildSettings = {
				ASSETCATALOG_COMPILER_APPICON_NAME = AppIcon;
				CODE_SIGN_STYLE = Automatic;
				DEVELOPMENT_TEAM = JF549H673D;
				INFOPLIST_FILE = WFProject/Info.plist;
				LD_RUNPATH_SEARCH_PATHS = (
					"$(inherited)",
					"@executable_path/Frameworks",
				);
				PRODUCT_BUNDLE_IDENTIFIER = efun.WFProject;
				PRODUCT_NAME = "$(TARGET_NAME)";
				TARGETED_DEVICE_FAMILY = "1,2";
			};
			name = Release;
		};
		725A8CBA225C822000FCDBF7 /* Debug */ = {
			isa = XCBuildConfiguration;
			buildSettings = {
				BUNDLE_LOADER = "$(TEST_HOST)";
				CODE_SIGN_STYLE = Automatic;
				DEVELOPMENT_TEAM = JF549H673D;
				INFOPLIST_FILE = WFProjectTests/Info.plist;
				LD_RUNPATH_SEARCH_PATHS = (
					"$(inherited)",
					"@executable_path/Frameworks",
					"@loader_path/Frameworks",
				);
				PRODUCT_BUNDLE_IDENTIFIER = efun.WFProjectTests;
				PRODUCT_NAME = "$(TARGET_NAME)";
				TARGETED_DEVICE_FAMILY = "1,2";
				TEST_HOST = "$(BUILT_PRODUCTS_DIR)/WFProject.app/WFProject";
			};
			name = Debug;
		};
		725A8CBB225C822000FCDBF7 /* Release */ = {
			isa = XCBuildConfiguration;
			buildSettings = {
				BUNDLE_LOADER = "$(TEST_HOST)";
				CODE_SIGN_STYLE = Automatic;
				DEVELOPMENT_TEAM = JF549H673D;
				INFOPLIST_FILE = WFProjectTests/Info.plist;
				LD_RUNPATH_SEARCH_PATHS = (
					"$(inherited)",
					"@executable_path/Frameworks",
					"@loader_path/Frameworks",
				);
				PRODUCT_BUNDLE_IDENTIFIER = efun.WFProjectTests;
				PRODUCT_NAME = "$(TARGET_NAME)";
				TARGETED_DEVICE_FAMILY = "1,2";
				TEST_HOST = "$(BUILT_PRODUCTS_DIR)/WFProject.app/WFProject";
			};
			name = Release;
		};
		725A8CBD225C822000FCDBF7 /* Debug */ = {
			isa = XCBuildConfiguration;
			buildSettings = {
				CODE_SIGN_STYLE = Automatic;
				DEVELOPMENT_TEAM = JF549H673D;
				INFOPLIST_FILE = WFProjectUITests/Info.plist;
				LD_RUNPATH_SEARCH_PATHS = (
					"$(inherited)",
					"@executable_path/Frameworks",
					"@loader_path/Frameworks",
				);
				PRODUCT_BUNDLE_IDENTIFIER = efun.WFProjectUITests;
				PRODUCT_NAME = "$(TARGET_NAME)";
				TARGETED_DEVICE_FAMILY = "1,2";
				TEST_TARGET_NAME = WFProject;
			};
			name = Debug;
		};
		725A8CBE225C822000FCDBF7 /* Release */ = {
			isa = XCBuildConfiguration;
			buildSettings = {
				CODE_SIGN_STYLE = Automatic;
				DEVELOPMENT_TEAM = JF549H673D;
				INFOPLIST_FILE = WFProjectUITests/Info.plist;
				LD_RUNPATH_SEARCH_PATHS = (
					"$(inherited)",
					"@executable_path/Frameworks",
					"@loader_path/Frameworks",
				);
				PRODUCT_BUNDLE_IDENTIFIER = efun.WFProjectUITests;
				PRODUCT_NAME = "$(TARGET_NAME)";
				TARGETED_DEVICE_FAMILY = "1,2";
				TEST_TARGET_NAME = WFProject;
			};
			name = Release;
		};
/* End XCBuildConfiguration section */

/* Begin XCConfigurationList section */
		725A8C85225C821E00FCDBF7 /* Build configuration list for PBXProject "WFProject" */ = {
			isa = XCConfigurationList;
			buildConfigurations = (
				725A8CB4225C822000FCDBF7 /* Debug */,
				725A8CB5225C822000FCDBF7 /* Release */,
			);
			defaultConfigurationIsVisible = 0;
			defaultConfigurationName = Release;
		};
		725A8CB6225C822000FCDBF7 /* Build configuration list for PBXNativeTarget "WFProject" */ = {
			isa = XCConfigurationList;
			buildConfigurations = (
				725A8CB7225C822000FCDBF7 /* Debug */,
				725A8CB8225C822000FCDBF7 /* Release */,
			);
			defaultConfigurationIsVisible = 0;
			defaultConfigurationName = Release;
		};
		725A8CB9225C822000FCDBF7 /* Build configuration list for PBXNativeTarget "WFProjectTests" */ = {
			isa = XCConfigurationList;
			buildConfigurations = (
				725A8CBA225C822000FCDBF7 /* Debug */,
				725A8CBB225C822000FCDBF7 /* Release */,
			);
			defaultConfigurationIsVisible = 0;
			defaultConfigurationName = Release;
		};
		725A8CBC225C822000FCDBF7 /* Build configuration list for PBXNativeTarget "WFProjectUITests" */ = {
			isa = XCConfigurationList;
			buildConfigurations = (
				725A8CBD225C822000FCDBF7 /* Debug */,
				725A8CBE225C822000FCDBF7 /* Release */,
			);
			defaultConfigurationIsVisible = 0;
			defaultConfigurationName = Release;
		};
/* End XCConfigurationList section */
	};
	rootObject = 725A8C82225C821E00FCDBF7 /* Project object */;
}
